
Microsoft Visual Studio Solution File, Format Version 11.00
# Visual Studio 2010
Project("{FAE04EC0-301F-11D3-BF4B-00C04F79EFBC}") = "QueryInterceptor", "QueryInterceptor\QueryInterceptor.csproj", "{C8991ABA-C5B5-4782-8B63-D47D699DA84A}"
EndProject
Global
	GlobalSection(SolutionConfigurationPlatforms) = preSolution
		Debug|Any CPU = Debug|Any CPU
		Release|Any CPU = Release|Any CPU
	EndGlobalSection
	GlobalSection(ProjectConfigurationPlatforms) = postSolution
		{C8991ABA-C5B5-4782-8B63-D47D699DA84A}.Debug|Any CPU.ActiveCfg = Debug|Any CPU
		{C8991ABA-C5B5-4782-8B63-D47D699DA84A}.Debug|Any CPU.Build.0 = Debug|Any CPU
		{C8991ABA-C5B5-4782-8B63-D47D699DA84A}.Release|Any CPU.ActiveCfg = Release|Any CPU
		{C8991ABA-C5B5-4782-8B63-D47D699DA84A}.Release|Any CPU.Build.0 = Release|Any CPU
	EndGlobalSection
	GlobalSection(SolutionProperties) = preSolution
		HideSolutionNode = FALSE
	EndGlobalSection
EndGlobal
